
Microsoft Visual Studio Solution File, Format Version 12.00
# Visual Studio Version 17
VisualStudioVersion = 17.14.37203.1 d17.14
MinimumVisualStudioVersion = 10.0.40219.1
Project("{888888A0-9F3D-457C-B088-3A5042F75D52}") = "ITSM", "ITSM\ITSM.pyproj", "{6CE34C57-36A8-4437-8EE5-1BB8FA653568}"
EndProject
Global
	GlobalSection(SolutionConfigurationPlatforms) = preSolution
		Debug|Any CPU = Debug|Any CPU
		Release|Any CPU = Release|Any CPU
	EndGlobalSection
	GlobalSection(ProjectConfigurationPlatforms) = postSolution
		{6CE34C57-36A8-4437-8EE5-1BB8FA653568}.Debug|Any CPU.ActiveCfg = Debug|Any CPU
		{6CE34C57-36A8-4437-8EE5-1BB8FA653568}.Release|Any CPU.ActiveCfg = Release|Any CPU
	EndGlobalSection
	GlobalSection(SolutionProperties) = preSolution
		HideSolutionNode = FALSE
	EndGlobalSection
	GlobalSection(ExtensibilityGlobals) = postSolution
		SolutionGuid = {DE321448-7DB7-4380-865C-2135190260DA}
	EndGlobalSection
EndGlobal
